
Microsoft Visual Studio Solution File, Format Version 12.00
# Visual Studio 15
VisualStudioVersion = 15.0.27130.2024
MinimumVisualStudioVersion = 10.0.40219.1
Project("{9A19103F-16F7-4668-BE54-9A1E7A4F7556}") = "Cyrus", "libraries\Cyrus\Cyrus.csproj", "{972AAB91-CF69-43DF-9A6D-1CB0D703F466}"
EndProject
Project("{2150E333-8FDC-42A3-9474-1A3956D46DE8}") = "libraries", "libraries", "{04EAED0F-6966-42BE-9BC7-A2FC0E9F23B0}"
EndProject
Project("{9A19103F-16F7-4668-BE54-9A1E7A4F7556}") = "Cyrus.Tests.Unit", "tests\Cyrus.Tests.Unit\Cyrus.Tests.Unit.csproj", "{6335169D-9D46-47A3-84C2-F558EA0FC888}"
EndProject
Project("{2150E333-8FDC-42A3-9474-1A3956D46DE8}") = "tests", "tests", "{039D58A7-00A3-4B1E-B491-ABDD9EA72A21}"
EndProject
Project("{9A19103F-16F7-4668-BE54-9A1E7A4F7556}") = "Cyrus.Tests.Integration", "tests\Cyrus.Tests.Integration\Cyrus.Tests.Integration.csproj", "{A4200E3C-D6BF-4104-B282-E8B2537A7487}"
EndProject
Project("{9A19103F-16F7-4668-BE54-9A1E7A4F7556}") = "Cyrus.AzureKeyVault", "libraries\Cyrus.AzureKeyVault\Cyrus.AzureKeyVault.csproj", "{A2A96669-4AE7-4384-B622-08C1DEB387A5}"
EndProject
Project("{9A19103F-16F7-4668-BE54-9A1E7A4F7556}") = "Cyrus.Http", "libraries\Cyrus.Http\Cyrus.Http.csproj", "{B5B352D9-7FE9-4CA1-A729-5CB7A175ACA0}"
EndProject
Project("{9A19103F-16F7-4668-BE54-9A1E7A4F7556}") = "Cyrus.Http.Tests.Integration", "tests\Cyrus.Http.Tests.Integration\Cyrus.Http.Tests.Integration.csproj", "{5D41D115-8ABC-4923-997D-12071E63475E}"
EndProject
Project("{9A19103F-16F7-4668-BE54-9A1E7A4F7556}") = "Cyrus.File.Tests.Integration", "tests\Cyrus.File.Tests.Integration\Cyrus.File.Tests.Integration.csproj", "{2BFCFA61-A5BB-4A49-AB0A-1F4380F8FC38}"
EndProject
Project("{9A19103F-16F7-4668-BE54-9A1E7A4F7556}") = "Cyrus.File", "libraries\Cyrus.File\Cyrus.File.csproj", "{C731834D-CD61-4A22-AA81-77438E189174}"
EndProject
Project("{9A19103F-16F7-4668-BE54-9A1E7A4F7556}") = "Cyrus.Http.Tests.Unit", "tests\Cyrus.Http.Tests.Unit\Cyrus.Http.Tests.Unit.csproj", "{B06D7F35-F292-424D-B64F-50991C5FEAFB}"
EndProject
Project("{9A19103F-16F7-4668-BE54-9A1E7A4F7556}") = "Cyrus.AspNetCore", "libraries\Cyrus.AspNetCore\Cyrus.AspNetCore.csproj", "{31308C32-AE6A-4C44-8C96-664BCC1FD6BC}"
EndProject
Project("{9A19103F-16F7-4668-BE54-9A1E7A4F7556}") = "Cyrus.AspNetCore.Tests.Unit", "tests\Cyrus.AspNetCore.Tests.Unit\Cyrus.AspNetCore.Tests.Unit.csproj", "{6DB4B903-7B58-48FA-9487-AE2B56E8DECE}"
EndProject
Project("{2150E333-8FDC-42A3-9474-1A3956D46DE8}") = "hosts", "hosts", "{7B5AEB4C-039C-4D7E-89C9-F03D28FEA96D}"
EndProject
Project("{FAE04EC0-301F-11D3-BF4B-00C04F79EFBC}") = "Cyrus.AzureKeyVault.Tests.Integration", "tests\Cyrus.AzureKeyVault.Tests.Integration\Cyrus.AzureKeyVault.Tests.Integration.csproj", "{7697B884-988A-4A78-9EAE-AECBA71E1553}"
EndProject
Global
	GlobalSection(SolutionConfigurationPlatforms) = preSolution
		Debug|Any CPU = Debug|Any CPU
		Release|Any CPU = Release|Any CPU
	EndGlobalSection
	GlobalSection(ProjectConfigurationPlatforms) = postSolution
		{972AAB91-CF69-43DF-9A6D-1CB0D703F466}.Debug|Any CPU.ActiveCfg = Debug|Any CPU
		{972AAB91-CF69-43DF-9A6D-1CB0D703F466}.Debug|Any CPU.Build.0 = Debug|Any CPU
		{972AAB91-CF69-43DF-9A6D-1CB0D703F466}.Release|Any CPU.ActiveCfg = Release|Any CPU
		{972AAB91-CF69-43DF-9A6D-1CB0D703F466}.Release|Any CPU.Build.0 = Release|Any CPU
		{6335169D-9D46-47A3-84C2-F558EA0FC888}.Debug|Any CPU.ActiveCfg = Debug|Any CPU
		{6335169D-9D46-47A3-84C2-F558EA0FC888}.Debug|Any CPU.Build.0 = Debug|Any CPU
		{6335169D-9D46-47A3-84C2-F558EA0FC888}.Release|Any CPU.ActiveCfg = Release|Any CPU
		{6335169D-9D46-47A3-84C2-F558EA0FC888}.Release|Any CPU.Build.0 = Release|Any CPU
		{A4200E3C-D6BF-4104-B282-E8B2537A7487}.Debug|Any CPU.ActiveCfg = Debug|Any CPU
		{A4200E3C-D6BF-4104-B282-E8B2537A7487}.Debug|Any CPU.Build.0 = Debug|Any CPU
		{A4200E3C-D6BF-4104-B282-E8B2537A7487}.Release|Any CPU.ActiveCfg = Release|Any CPU
		{A4200E3C-D6BF-4104-B282-E8B2537A7487}.Release|Any CPU.Build.0 = Release|Any CPU
		{A2A96669-4AE7-4384-B622-08C1DEB387A5}.Debug|Any CPU.ActiveCfg = Debug|Any CPU
		{A2A96669-4AE7-4384-B622-08C1DEB387A5}.Debug|Any CPU.Build.0 = Debug|Any CPU
		{A2A96669-4AE7-4384-B622-08C1DEB387A5}.Release|Any CPU.ActiveCfg = Release|Any CPU
		{A2A96669-4AE7-4384-B622-08C1DEB387A5}.Release|Any CPU.Build.0 = Release|Any CPU
		{B5B352D9-7FE9-4CA1-A729-5CB7A175ACA0}.Debug|Any CPU.ActiveCfg = Debug|Any CPU
		{B5B352D9-7FE9-4CA1-A729-5CB7A175ACA0}.Debug|Any CPU.Build.0 = Debug|Any CPU
		{B5B352D9-7FE9-4CA1-A729-5CB7A175ACA0}.Release|Any CPU.ActiveCfg = Release|Any CPU
		{B5B352D9-7FE9-4CA1-A729-5CB7A175ACA0}.Release|Any CPU.Build.0 = Release|Any CPU
		{5D41D115-8ABC-4923-997D-12071E63475E}.Debug|Any CPU.ActiveCfg = Debug|Any CPU
		{5D41D115-8ABC-4923-997D-12071E63475E}.Debug|Any CPU.Build.0 = Debug|Any CPU
		{5D41D115-8ABC-4923-997D-12071E63475E}.Release|Any CPU.ActiveCfg = Release|Any CPU
		{5D41D115-8ABC-4923-997D-12071E63475E}.Release|Any CPU.Build.0 = Release|Any CPU
		{2BFCFA61-A5BB-4A49-AB0A-1F4380F8FC38}.Debug|Any CPU.ActiveCfg = Debug|Any CPU
		{2BFCFA61-A5BB-4A49-AB0A-1F4380F8FC38}.Debug|Any CPU.Build.0 = Debug|Any CPU
		{2BFCFA61-A5BB-4A49-AB0A-1F4380F8FC38}.Release|Any CPU.ActiveCfg = Release|Any CPU
		{2BFCFA61-A5BB-4A49-AB0A-1F4380F8FC38}.Release|Any CPU.Build.0 = Release|Any CPU
		{C731834D-CD61-4A22-AA81-77438E189174}.Debug|Any CPU.ActiveCfg = Debug|Any CPU
		{C731834D-CD61-4A22-AA81-77438E189174}.Debug|Any CPU.Build.0 = Debug|Any CPU
		{C731834D-CD61-4A22-AA81-77438E189174}.Release|Any CPU.ActiveCfg = Release|Any CPU
		{C731834D-CD61-4A22-AA81-77438E189174}.Release|Any CPU.Build.0 = Release|Any CPU
		{B06D7F35-F292-424D-B64F-50991C5FEAFB}.Debug|Any CPU.ActiveCfg = Debug|Any CPU
		{B06D7F35-F292-424D-B64F-50991C5FEAFB}.Debug|Any CPU.Build.0 = Debug|Any CPU
		{B06D7F35-F292-424D-B64F-50991C5FEAFB}.Release|Any CPU.ActiveCfg = Release|Any CPU
		{B06D7F35-F292-424D-B64F-50991C5FEAFB}.Release|Any CPU.Build.0 = Release|Any CPU
		{31308C32-AE6A-4C44-8C96-664BCC1FD6BC}.Debug|Any CPU.ActiveCfg = Debug|Any CPU
		{31308C32-AE6A-4C44-8C96-664BCC1FD6BC}.Debug|Any CPU.Build.0 = Debug|Any CPU
		{31308C32-AE6A-4C44-8C96-664BCC1FD6BC}.Release|Any CPU.ActiveCfg = Release|Any CPU
		{31308C32-AE6A-4C44-8C96-664BCC1FD6BC}.Release|Any CPU.Build.0 = Release|Any CPU
		{6DB4B903-7B58-48FA-9487-AE2B56E8DECE}.Debug|Any CPU.ActiveCfg = Debug|Any CPU
		{6DB4B903-7B58-48FA-9487-AE2B56E8DECE}.Debug|Any CPU.Build.0 = Debug|Any CPU
		{6DB4B903-7B58-48FA-9487-AE2B56E8DECE}.Release|Any CPU.ActiveCfg = Release|Any CPU
		{6DB4B903-7B58-48FA-9487-AE2B56E8DECE}.Release|Any CPU.Build.0 = Release|Any CPU
		{7697B884-988A-4A78-9EAE-AECBA71E1553}.Debug|Any CPU.ActiveCfg = Debug|Any CPU
		{7697B884-988A-4A78-9EAE-AECBA71E1553}.Debug|Any CPU.Build.0 = Debug|Any CPU
		{7697B884-988A-4A78-9EAE-AECBA71E1553}.Release|Any CPU.ActiveCfg = Release|Any CPU
		{7697B884-988A-4A78-9EAE-AECBA71E1553}.Release|Any CPU.Build.0 = Release|Any CPU
	EndGlobalSection
	GlobalSection(SolutionProperties) = preSolution
		HideSolutionNode = FALSE
	EndGlobalSection
	GlobalSection(NestedProjects) = preSolution
		{972AAB91-CF69-43DF-9A6D-1CB0D703F466} = {04EAED0F-6966-42BE-9BC7-A2FC0E9F23B0}
		{6335169D-9D46-47A3-84C2-F558EA0FC888} = {039D58A7-00A3-4B1E-B491-ABDD9EA72A21}
		{A4200E3C-D6BF-4104-B282-E8B2537A7487} = {039D58A7-00A3-4B1E-B491-ABDD9EA72A21}
		{A2A96669-4AE7-4384-B622-08C1DEB387A5} = {04EAED0F-6966-42BE-9BC7-A2FC0E9F23B0}
		{B5B352D9-7FE9-4CA1-A729-5CB7A175ACA0} = {04EAED0F-6966-42BE-9BC7-A2FC0E9F23B0}
		{5D41D115-8ABC-4923-997D-12071E63475E} = {039D58A7-00A3-4B1E-B491-ABDD9EA72A21}
		{2BFCFA61-A5BB-4A49-AB0A-1F4380F8FC38} = {039D58A7-00A3-4B1E-B491-ABDD9EA72A21}
		{C731834D-CD61-4A22-AA81-77438E189174} = {04EAED0F-6966-42BE-9BC7-A2FC0E9F23B0}
		{B06D7F35-F292-424D-B64F-50991C5FEAFB} = {039D58A7-00A3-4B1E-B491-ABDD9EA72A21}
		{31308C32-AE6A-4C44-8C96-664BCC1FD6BC} = {04EAED0F-6966-42BE-9BC7-A2FC0E9F23B0}
		{6DB4B903-7B58-48FA-9487-AE2B56E8DECE} = {039D58A7-00A3-4B1E-B491-ABDD9EA72A21}
		{7697B884-988A-4A78-9EAE-AECBA71E1553} = {039D58A7-00A3-4B1E-B491-ABDD9EA72A21}
	EndGlobalSection
	GlobalSection(ExtensibilityGlobals) = postSolution
		SolutionGuid = {7559BDB7-3092-49D4-87AC-9A2075F98707}
	EndGlobalSection
EndGlobal
