
Microsoft Visual Studio Solution File, Format Version 12.00
# Visual Studio 14
VisualStudioVersion = 14.0.23107.0
MinimumVisualStudioVersion = 10.0.40219.1
Project("{FAE04EC0-301F-11D3-BF4B-00C04F79EFBC}") = "Cyrus", "Cyrus\Cyrus.csproj", "{C49F3899-5F48-4D0A-9D79-88146C00614F}"
EndProject
Project("{FAE04EC0-301F-11D3-BF4B-00C04F79EFBC}") = "Cyrus.Tests.Unit", "Cyrus.Tests.Unit\Cyrus.Tests.Unit.csproj", "{12DA9C33-4572-40B0-940A-C2933ACD8D52}"
EndProject
Global
	GlobalSection(SolutionConfigurationPlatforms) = preSolution
		Debug|Any CPU = Debug|Any CPU
		Release|Any CPU = Release|Any CPU
	EndGlobalSection
	GlobalSection(ProjectConfigurationPlatforms) = postSolution
		{C49F3899-5F48-4D0A-9D79-88146C00614F}.Debug|Any CPU.ActiveCfg = Debug|Any CPU
		{C49F3899-5F48-4D0A-9D79-88146C00614F}.Debug|Any CPU.Build.0 = Debug|Any CPU
		{C49F3899-5F48-4D0A-9D79-88146C00614F}.Release|Any CPU.ActiveCfg = Release|Any CPU
		{C49F3899-5F48-4D0A-9D79-88146C00614F}.Release|Any CPU.Build.0 = Release|Any CPU
		{12DA9C33-4572-40B0-940A-C2933ACD8D52}.Debug|Any CPU.ActiveCfg = Debug|Any CPU
		{12DA9C33-4572-40B0-940A-C2933ACD8D52}.Debug|Any CPU.Build.0 = Debug|Any CPU
		{12DA9C33-4572-40B0-940A-C2933ACD8D52}.Release|Any CPU.ActiveCfg = Release|Any CPU
		{12DA9C33-4572-40B0-940A-C2933ACD8D52}.Release|Any CPU.Build.0 = Release|Any CPU
	EndGlobalSection
	GlobalSection(SolutionProperties) = preSolution
		HideSolutionNode = FALSE
	EndGlobalSection
EndGlobal
