
Microsoft Visual Studio Solution File, Format Version 12.00
# Visual Studio 15
VisualStudioVersion = 15.0.26430.16
MinimumVisualStudioVersion = 10.0.40219.1
Project("{9A19103F-16F7-4668-BE54-9A1E7A4F7556}") = "Cyrus", "libraries\Cyrus\Cyrus.csproj", "{972AAB91-CF69-43DF-9A6D-1CB0D703F466}"
EndProject
Project("{2150E333-8FDC-42A3-9474-1A3956D46DE8}") = "libraries", "libraries", "{04EAED0F-6966-42BE-9BC7-A2FC0E9F23B0}"
EndProject
Project("{9A19103F-16F7-4668-BE54-9A1E7A4F7556}") = "Cyrus.Tests.Unit", "tests\Cyrus.Tests.Unit\Cyrus.Tests.Unit.csproj", "{6335169D-9D46-47A3-84C2-F558EA0FC888}"
EndProject
Project("{2150E333-8FDC-42A3-9474-1A3956D46DE8}") = "tests", "tests", "{039D58A7-00A3-4B1E-B491-ABDD9EA72A21}"
EndProject
Project("{9A19103F-16F7-4668-BE54-9A1E7A4F7556}") = "Cyrus.Tests.Integration", "tests\Cyrus.Tests.Integration\Cyrus.Tests.Integration.csproj", "{A4200E3C-D6BF-4104-B282-E8B2537A7487}"
EndProject
Project("{9A19103F-16F7-4668-BE54-9A1E7A4F7556}") = "Cyrus.AzureKeyVault", "libraries\Cyrus.AzureKeyVault\Cyrus.AzureKeyVault.csproj", "{A2A96669-4AE7-4384-B622-08C1DEB387A5}"
EndProject
Project("{9A19103F-16F7-4668-BE54-9A1E7A4F7556}") = "Cyrus.Http", "libraries\Cyrus.Http\Cyrus.Http.csproj", "{B5B352D9-7FE9-4CA1-A729-5CB7A175ACA0}"
EndProject
Project("{9A19103F-16F7-4668-BE54-9A1E7A4F7556}") = "Cyrus.Http.Tests.Integration", "tests\Cyrus.Http.Tests.Integration\Cyrus.Http.Tests.Integration.csproj", "{5D41D115-8ABC-4923-997D-12071E63475E}"
EndProject
Global
	GlobalSection(SolutionConfigurationPlatforms) = preSolution
		Debug|Any CPU = Debug|Any CPU
		Release|Any CPU = Release|Any CPU
	EndGlobalSection
	GlobalSection(ProjectConfigurationPlatforms) = postSolution
		{972AAB91-CF69-43DF-9A6D-1CB0D703F466}.Debug|Any CPU.ActiveCfg = Debug|Any CPU
		{972AAB91-CF69-43DF-9A6D-1CB0D703F466}.Debug|Any CPU.Build.0 = Debug|Any CPU
		{972AAB91-CF69-43DF-9A6D-1CB0D703F466}.Release|Any CPU.ActiveCfg = Release|Any CPU
		{972AAB91-CF69-43DF-9A6D-1CB0D703F466}.Release|Any CPU.Build.0 = Release|Any CPU
		{6335169D-9D46-47A3-84C2-F558EA0FC888}.Debug|Any CPU.ActiveCfg = Debug|Any CPU
		{6335169D-9D46-47A3-84C2-F558EA0FC888}.Debug|Any CPU.Build.0 = Debug|Any CPU
		{6335169D-9D46-47A3-84C2-F558EA0FC888}.Release|Any CPU.ActiveCfg = Release|Any CPU
		{6335169D-9D46-47A3-84C2-F558EA0FC888}.Release|Any CPU.Build.0 = Release|Any CPU
		{A4200E3C-D6BF-4104-B282-E8B2537A7487}.Debug|Any CPU.ActiveCfg = Debug|Any CPU
		{A4200E3C-D6BF-4104-B282-E8B2537A7487}.Debug|Any CPU.Build.0 = Debug|Any CPU
		{A4200E3C-D6BF-4104-B282-E8B2537A7487}.Release|Any CPU.ActiveCfg = Release|Any CPU
		{A4200E3C-D6BF-4104-B282-E8B2537A7487}.Release|Any CPU.Build.0 = Release|Any CPU
		{A2A96669-4AE7-4384-B622-08C1DEB387A5}.Debug|Any CPU.ActiveCfg = Debug|Any CPU
		{A2A96669-4AE7-4384-B622-08C1DEB387A5}.Debug|Any CPU.Build.0 = Debug|Any CPU
		{A2A96669-4AE7-4384-B622-08C1DEB387A5}.Release|Any CPU.ActiveCfg = Release|Any CPU
		{A2A96669-4AE7-4384-B622-08C1DEB387A5}.Release|Any CPU.Build.0 = Release|Any CPU
		{B5B352D9-7FE9-4CA1-A729-5CB7A175ACA0}.Debug|Any CPU.ActiveCfg = Debug|Any CPU
		{B5B352D9-7FE9-4CA1-A729-5CB7A175ACA0}.Debug|Any CPU.Build.0 = Debug|Any CPU
		{B5B352D9-7FE9-4CA1-A729-5CB7A175ACA0}.Release|Any CPU.ActiveCfg = Release|Any CPU
		{B5B352D9-7FE9-4CA1-A729-5CB7A175ACA0}.Release|Any CPU.Build.0 = Release|Any CPU
		{5D41D115-8ABC-4923-997D-12071E63475E}.Debug|Any CPU.ActiveCfg = Debug|Any CPU
		{5D41D115-8ABC-4923-997D-12071E63475E}.Debug|Any CPU.Build.0 = Debug|Any CPU
		{5D41D115-8ABC-4923-997D-12071E63475E}.Release|Any CPU.ActiveCfg = Release|Any CPU
		{5D41D115-8ABC-4923-997D-12071E63475E}.Release|Any CPU.Build.0 = Release|Any CPU
	EndGlobalSection
	GlobalSection(SolutionProperties) = preSolution
		HideSolutionNode = FALSE
	EndGlobalSection
	GlobalSection(NestedProjects) = preSolution
		{972AAB91-CF69-43DF-9A6D-1CB0D703F466} = {04EAED0F-6966-42BE-9BC7-A2FC0E9F23B0}
		{6335169D-9D46-47A3-84C2-F558EA0FC888} = {039D58A7-00A3-4B1E-B491-ABDD9EA72A21}
		{A4200E3C-D6BF-4104-B282-E8B2537A7487} = {039D58A7-00A3-4B1E-B491-ABDD9EA72A21}
		{A2A96669-4AE7-4384-B622-08C1DEB387A5} = {04EAED0F-6966-42BE-9BC7-A2FC0E9F23B0}
		{B5B352D9-7FE9-4CA1-A729-5CB7A175ACA0} = {04EAED0F-6966-42BE-9BC7-A2FC0E9F23B0}
		{5D41D115-8ABC-4923-997D-12071E63475E} = {039D58A7-00A3-4B1E-B491-ABDD9EA72A21}
	EndGlobalSection
EndGlobal
