
Microsoft Visual Studio Solution File, Format Version 12.00
# Visual Studio 2013
VisualStudioVersion = 12.0.21005.1
MinimumVisualStudioVersion = 10.0.40219.1
Project("{FAE04EC0-301F-11D3-BF4B-00C04F79EFBC}") = "Integration.Transforms", "Integration.Transforms\Integration.Transforms.csproj", "{F024C9C1-C0B1-434A-BC19-D2D88B05DDBD}"
EndProject
Project("{FAE04EC0-301F-11D3-BF4B-00C04F79EFBC}") = "Integration.ConsoleApplication", "Integration.ConsoleApplication\Integration.ConsoleApplication.csproj", "{EDB0CC17-6133-4BE8-93AE-720C93F83F95}"
EndProject
Project("{2150E333-8FDC-42A3-9474-1A3956D46DE8}") = "library", "library", "{CA98AAAD-A977-4916-BA76-D242D3E9BB33}"
EndProject
Project("{FAE04EC0-301F-11D3-BF4B-00C04F79EFBC}") = "Integration.Transforms.ValueInjector", "Integration.Transforms.ValueInjector\Integration.Transforms.ValueInjector.csproj", "{41560562-2B53-4DA3-B6F0-1697BDA8D71D}"
EndProject
Project("{FAE04EC0-301F-11D3-BF4B-00C04F79EFBC}") = "Integration.Transforms.AutoMapper", "Integration.Transforms.AutoMapper\Integration.Transforms.AutoMapper.csproj", "{063DE755-5AB3-4E69-95BD-FBDD6C6C06E8}"
EndProject
Project("{FAE04EC0-301F-11D3-BF4B-00C04F79EFBC}") = "Integration.Transforms.Xslt", "Integration.Transforms.Xslt\Integration.Transforms.Xslt.csproj", "{EFB0B9AE-DB69-4CC8-A0B1-4A7673D7948B}"
EndProject
Project("{2150E333-8FDC-42A3-9474-1A3956D46DE8}") = "Solution Items", "Solution Items", "{E6DEDA3A-9B91-40DF-ABB1-C748C6F2C327}"
	ProjectSection(SolutionItems) = preProject
		Integration.vsmdi = Integration.vsmdi
		Local.testsettings = Local.testsettings
		README.md = README.md
		References.md = References.md
		TraceAndTestImpact.testsettings = TraceAndTestImpact.testsettings
	EndProjectSection
EndProject
Project("{FAE04EC0-301F-11D3-BF4B-00C04F79EFBC}") = "Integration.Adapters", "Integration.Adapters\Integration.Adapters.csproj", "{E313FBC0-7DD9-4646-995A-8AB1EBD7B6AE}"
EndProject
Project("{2150E333-8FDC-42A3-9474-1A3956D46DE8}") = "tests", "tests", "{7CA501A3-6945-4FF3-A316-CE7AD7F99693}"
EndProject
Project("{FAE04EC0-301F-11D3-BF4B-00C04F79EFBC}") = "Integration.Transforms.UnitTests", "Integration.Transforms.UnitTests\Integration.Transforms.UnitTests.csproj", "{414CA6C7-42CF-4858-A566-C5D3A7BC40D5}"
EndProject
Project("{2150E333-8FDC-42A3-9474-1A3956D46DE8}") = ".nuget", ".nuget", "{61607DA8-4ABA-4BCC-A9BC-05B1A36E04FA}"
	ProjectSection(SolutionItems) = preProject
		.nuget\NuGet.Config = .nuget\NuGet.Config
		.nuget\NuGet.exe = .nuget\NuGet.exe
		.nuget\NuGet.targets = .nuget\NuGet.targets
	EndProjectSection
EndProject
Project("{FAE04EC0-301F-11D3-BF4B-00C04F79EFBC}") = "Integration.Transforms.Design", "Integration.Transforms.Design\Integration.Transforms.Design.csproj", "{8020DC45-478C-442B-AB6B-28CAE2353CB4}"
EndProject
Project("{FAE04EC0-301F-11D3-BF4B-00C04F79EFBC}") = "Integration.Build", "Integration.Build\Integration.Build.csproj", "{F54FFBFC-1D57-47DE-8084-10D6EF8206A1}"
EndProject
Project("{FAE04EC0-301F-11D3-BF4B-00C04F79EFBC}") = "Integration.Transforms.AutoMapper.Design", "Integration.Transforms.AutoMapper.Design\Integration.Transforms.AutoMapper.Design.csproj", "{E233D2E6-CA65-4ED3-95C0-7C3004DA475F}"
EndProject
Project("{FAE04EC0-301F-11D3-BF4B-00C04F79EFBC}") = "Integration.Transforms.Design.UnitTests", "Integration.Transforms.Design.UnitTests\Integration.Transforms.Design.UnitTests.csproj", "{8A4B980F-37AD-461F-B17E-D5C3E1B98042}"
EndProject
Global
	GlobalSection(SolutionConfigurationPlatforms) = preSolution
		Debug|Any CPU = Debug|Any CPU
		Debug|Mixed Platforms = Debug|Mixed Platforms
		Debug|x86 = Debug|x86
		Release|Any CPU = Release|Any CPU
		Release|Mixed Platforms = Release|Mixed Platforms
		Release|x86 = Release|x86
	EndGlobalSection
	GlobalSection(ProjectConfigurationPlatforms) = postSolution
		{F024C9C1-C0B1-434A-BC19-D2D88B05DDBD}.Debug|Any CPU.ActiveCfg = Debug|Any CPU
		{F024C9C1-C0B1-434A-BC19-D2D88B05DDBD}.Debug|Any CPU.Build.0 = Debug|Any CPU
		{F024C9C1-C0B1-434A-BC19-D2D88B05DDBD}.Debug|Mixed Platforms.ActiveCfg = Debug|Any CPU
		{F024C9C1-C0B1-434A-BC19-D2D88B05DDBD}.Debug|Mixed Platforms.Build.0 = Debug|Any CPU
		{F024C9C1-C0B1-434A-BC19-D2D88B05DDBD}.Debug|x86.ActiveCfg = Debug|Any CPU
		{F024C9C1-C0B1-434A-BC19-D2D88B05DDBD}.Release|Any CPU.ActiveCfg = Release|Any CPU
		{F024C9C1-C0B1-434A-BC19-D2D88B05DDBD}.Release|Any CPU.Build.0 = Release|Any CPU
		{F024C9C1-C0B1-434A-BC19-D2D88B05DDBD}.Release|Mixed Platforms.ActiveCfg = Release|Any CPU
		{F024C9C1-C0B1-434A-BC19-D2D88B05DDBD}.Release|Mixed Platforms.Build.0 = Release|Any CPU
		{F024C9C1-C0B1-434A-BC19-D2D88B05DDBD}.Release|x86.ActiveCfg = Release|Any CPU
		{EDB0CC17-6133-4BE8-93AE-720C93F83F95}.Debug|Any CPU.ActiveCfg = Debug|x86
		{EDB0CC17-6133-4BE8-93AE-720C93F83F95}.Debug|Mixed Platforms.ActiveCfg = Debug|x86
		{EDB0CC17-6133-4BE8-93AE-720C93F83F95}.Debug|Mixed Platforms.Build.0 = Debug|x86
		{EDB0CC17-6133-4BE8-93AE-720C93F83F95}.Debug|x86.ActiveCfg = Debug|x86
		{EDB0CC17-6133-4BE8-93AE-720C93F83F95}.Debug|x86.Build.0 = Debug|x86
		{EDB0CC17-6133-4BE8-93AE-720C93F83F95}.Release|Any CPU.ActiveCfg = Release|x86
		{EDB0CC17-6133-4BE8-93AE-720C93F83F95}.Release|Mixed Platforms.ActiveCfg = Release|x86
		{EDB0CC17-6133-4BE8-93AE-720C93F83F95}.Release|Mixed Platforms.Build.0 = Release|x86
		{EDB0CC17-6133-4BE8-93AE-720C93F83F95}.Release|x86.ActiveCfg = Release|x86
		{EDB0CC17-6133-4BE8-93AE-720C93F83F95}.Release|x86.Build.0 = Release|x86
		{41560562-2B53-4DA3-B6F0-1697BDA8D71D}.Debug|Any CPU.ActiveCfg = Debug|Any CPU
		{41560562-2B53-4DA3-B6F0-1697BDA8D71D}.Debug|Any CPU.Build.0 = Debug|Any CPU
		{41560562-2B53-4DA3-B6F0-1697BDA8D71D}.Debug|Mixed Platforms.ActiveCfg = Debug|Any CPU
		{41560562-2B53-4DA3-B6F0-1697BDA8D71D}.Debug|Mixed Platforms.Build.0 = Debug|Any CPU
		{41560562-2B53-4DA3-B6F0-1697BDA8D71D}.Debug|x86.ActiveCfg = Debug|Any CPU
		{41560562-2B53-4DA3-B6F0-1697BDA8D71D}.Release|Any CPU.ActiveCfg = Release|Any CPU
		{41560562-2B53-4DA3-B6F0-1697BDA8D71D}.Release|Any CPU.Build.0 = Release|Any CPU
		{41560562-2B53-4DA3-B6F0-1697BDA8D71D}.Release|Mixed Platforms.ActiveCfg = Release|Any CPU
		{41560562-2B53-4DA3-B6F0-1697BDA8D71D}.Release|Mixed Platforms.Build.0 = Release|Any CPU
		{41560562-2B53-4DA3-B6F0-1697BDA8D71D}.Release|x86.ActiveCfg = Release|Any CPU
		{063DE755-5AB3-4E69-95BD-FBDD6C6C06E8}.Debug|Any CPU.ActiveCfg = Debug|Any CPU
		{063DE755-5AB3-4E69-95BD-FBDD6C6C06E8}.Debug|Any CPU.Build.0 = Debug|Any CPU
		{063DE755-5AB3-4E69-95BD-FBDD6C6C06E8}.Debug|Mixed Platforms.ActiveCfg = Debug|Any CPU
		{063DE755-5AB3-4E69-95BD-FBDD6C6C06E8}.Debug|Mixed Platforms.Build.0 = Debug|Any CPU
		{063DE755-5AB3-4E69-95BD-FBDD6C6C06E8}.Debug|x86.ActiveCfg = Debug|Any CPU
		{063DE755-5AB3-4E69-95BD-FBDD6C6C06E8}.Release|Any CPU.ActiveCfg = Release|Any CPU
		{063DE755-5AB3-4E69-95BD-FBDD6C6C06E8}.Release|Any CPU.Build.0 = Release|Any CPU
		{063DE755-5AB3-4E69-95BD-FBDD6C6C06E8}.Release|Mixed Platforms.ActiveCfg = Release|Any CPU
		{063DE755-5AB3-4E69-95BD-FBDD6C6C06E8}.Release|Mixed Platforms.Build.0 = Release|Any CPU
		{063DE755-5AB3-4E69-95BD-FBDD6C6C06E8}.Release|x86.ActiveCfg = Release|Any CPU
		{EFB0B9AE-DB69-4CC8-A0B1-4A7673D7948B}.Debug|Any CPU.ActiveCfg = Debug|Any CPU
		{EFB0B9AE-DB69-4CC8-A0B1-4A7673D7948B}.Debug|Any CPU.Build.0 = Debug|Any CPU
		{EFB0B9AE-DB69-4CC8-A0B1-4A7673D7948B}.Debug|Mixed Platforms.ActiveCfg = Debug|Any CPU
		{EFB0B9AE-DB69-4CC8-A0B1-4A7673D7948B}.Debug|Mixed Platforms.Build.0 = Debug|Any CPU
		{EFB0B9AE-DB69-4CC8-A0B1-4A7673D7948B}.Debug|x86.ActiveCfg = Debug|Any CPU
		{EFB0B9AE-DB69-4CC8-A0B1-4A7673D7948B}.Release|Any CPU.ActiveCfg = Release|Any CPU
		{EFB0B9AE-DB69-4CC8-A0B1-4A7673D7948B}.Release|Any CPU.Build.0 = Release|Any CPU
		{EFB0B9AE-DB69-4CC8-A0B1-4A7673D7948B}.Release|Mixed Platforms.ActiveCfg = Release|Any CPU
		{EFB0B9AE-DB69-4CC8-A0B1-4A7673D7948B}.Release|Mixed Platforms.Build.0 = Release|Any CPU
		{EFB0B9AE-DB69-4CC8-A0B1-4A7673D7948B}.Release|x86.ActiveCfg = Release|Any CPU
		{E313FBC0-7DD9-4646-995A-8AB1EBD7B6AE}.Debug|Any CPU.ActiveCfg = Debug|Any CPU
		{E313FBC0-7DD9-4646-995A-8AB1EBD7B6AE}.Debug|Any CPU.Build.0 = Debug|Any CPU
		{E313FBC0-7DD9-4646-995A-8AB1EBD7B6AE}.Debug|Mixed Platforms.ActiveCfg = Debug|Any CPU
		{E313FBC0-7DD9-4646-995A-8AB1EBD7B6AE}.Debug|Mixed Platforms.Build.0 = Debug|Any CPU
		{E313FBC0-7DD9-4646-995A-8AB1EBD7B6AE}.Debug|x86.ActiveCfg = Debug|Any CPU
		{E313FBC0-7DD9-4646-995A-8AB1EBD7B6AE}.Release|Any CPU.ActiveCfg = Release|Any CPU
		{E313FBC0-7DD9-4646-995A-8AB1EBD7B6AE}.Release|Any CPU.Build.0 = Release|Any CPU
		{E313FBC0-7DD9-4646-995A-8AB1EBD7B6AE}.Release|Mixed Platforms.ActiveCfg = Release|Any CPU
		{E313FBC0-7DD9-4646-995A-8AB1EBD7B6AE}.Release|Mixed Platforms.Build.0 = Release|Any CPU
		{E313FBC0-7DD9-4646-995A-8AB1EBD7B6AE}.Release|x86.ActiveCfg = Release|Any CPU
		{414CA6C7-42CF-4858-A566-C5D3A7BC40D5}.Debug|Any CPU.ActiveCfg = Debug|Any CPU
		{414CA6C7-42CF-4858-A566-C5D3A7BC40D5}.Debug|Any CPU.Build.0 = Debug|Any CPU
		{414CA6C7-42CF-4858-A566-C5D3A7BC40D5}.Debug|Mixed Platforms.ActiveCfg = Debug|Any CPU
		{414CA6C7-42CF-4858-A566-C5D3A7BC40D5}.Debug|Mixed Platforms.Build.0 = Debug|Any CPU
		{414CA6C7-42CF-4858-A566-C5D3A7BC40D5}.Debug|x86.ActiveCfg = Debug|Any CPU
		{414CA6C7-42CF-4858-A566-C5D3A7BC40D5}.Release|Any CPU.ActiveCfg = Release|Any CPU
		{414CA6C7-42CF-4858-A566-C5D3A7BC40D5}.Release|Any CPU.Build.0 = Release|Any CPU
		{414CA6C7-42CF-4858-A566-C5D3A7BC40D5}.Release|Mixed Platforms.ActiveCfg = Release|Any CPU
		{414CA6C7-42CF-4858-A566-C5D3A7BC40D5}.Release|Mixed Platforms.Build.0 = Release|Any CPU
		{414CA6C7-42CF-4858-A566-C5D3A7BC40D5}.Release|x86.ActiveCfg = Release|Any CPU
		{8020DC45-478C-442B-AB6B-28CAE2353CB4}.Debug|Any CPU.ActiveCfg = Debug|Any CPU
		{8020DC45-478C-442B-AB6B-28CAE2353CB4}.Debug|Any CPU.Build.0 = Debug|Any CPU
		{8020DC45-478C-442B-AB6B-28CAE2353CB4}.Debug|Mixed Platforms.ActiveCfg = Debug|Any CPU
		{8020DC45-478C-442B-AB6B-28CAE2353CB4}.Debug|Mixed Platforms.Build.0 = Debug|Any CPU
		{8020DC45-478C-442B-AB6B-28CAE2353CB4}.Debug|x86.ActiveCfg = Debug|Any CPU
		{8020DC45-478C-442B-AB6B-28CAE2353CB4}.Release|Any CPU.ActiveCfg = Release|Any CPU
		{8020DC45-478C-442B-AB6B-28CAE2353CB4}.Release|Any CPU.Build.0 = Release|Any CPU
		{8020DC45-478C-442B-AB6B-28CAE2353CB4}.Release|Mixed Platforms.ActiveCfg = Release|Any CPU
		{8020DC45-478C-442B-AB6B-28CAE2353CB4}.Release|Mixed Platforms.Build.0 = Release|Any CPU
		{8020DC45-478C-442B-AB6B-28CAE2353CB4}.Release|x86.ActiveCfg = Release|Any CPU
		{F54FFBFC-1D57-47DE-8084-10D6EF8206A1}.Debug|Any CPU.ActiveCfg = Debug|Any CPU
		{F54FFBFC-1D57-47DE-8084-10D6EF8206A1}.Debug|Any CPU.Build.0 = Debug|Any CPU
		{F54FFBFC-1D57-47DE-8084-10D6EF8206A1}.Debug|Mixed Platforms.ActiveCfg = Debug|Any CPU
		{F54FFBFC-1D57-47DE-8084-10D6EF8206A1}.Debug|Mixed Platforms.Build.0 = Debug|Any CPU
		{F54FFBFC-1D57-47DE-8084-10D6EF8206A1}.Debug|x86.ActiveCfg = Debug|Any CPU
		{F54FFBFC-1D57-47DE-8084-10D6EF8206A1}.Release|Any CPU.ActiveCfg = Release|Any CPU
		{F54FFBFC-1D57-47DE-8084-10D6EF8206A1}.Release|Any CPU.Build.0 = Release|Any CPU
		{F54FFBFC-1D57-47DE-8084-10D6EF8206A1}.Release|Mixed Platforms.ActiveCfg = Release|Any CPU
		{F54FFBFC-1D57-47DE-8084-10D6EF8206A1}.Release|Mixed Platforms.Build.0 = Release|Any CPU
		{F54FFBFC-1D57-47DE-8084-10D6EF8206A1}.Release|x86.ActiveCfg = Release|Any CPU
		{E233D2E6-CA65-4ED3-95C0-7C3004DA475F}.Debug|Any CPU.ActiveCfg = Debug|Any CPU
		{E233D2E6-CA65-4ED3-95C0-7C3004DA475F}.Debug|Any CPU.Build.0 = Debug|Any CPU
		{E233D2E6-CA65-4ED3-95C0-7C3004DA475F}.Debug|Mixed Platforms.ActiveCfg = Debug|Any CPU
		{E233D2E6-CA65-4ED3-95C0-7C3004DA475F}.Debug|Mixed Platforms.Build.0 = Debug|Any CPU
		{E233D2E6-CA65-4ED3-95C0-7C3004DA475F}.Debug|x86.ActiveCfg = Debug|Any CPU
		{E233D2E6-CA65-4ED3-95C0-7C3004DA475F}.Release|Any CPU.ActiveCfg = Release|Any CPU
		{E233D2E6-CA65-4ED3-95C0-7C3004DA475F}.Release|Any CPU.Build.0 = Release|Any CPU
		{E233D2E6-CA65-4ED3-95C0-7C3004DA475F}.Release|Mixed Platforms.ActiveCfg = Release|Any CPU
		{E233D2E6-CA65-4ED3-95C0-7C3004DA475F}.Release|Mixed Platforms.Build.0 = Release|Any CPU
		{E233D2E6-CA65-4ED3-95C0-7C3004DA475F}.Release|x86.ActiveCfg = Release|Any CPU
		{8A4B980F-37AD-461F-B17E-D5C3E1B98042}.Debug|Any CPU.ActiveCfg = Debug|Any CPU
		{8A4B980F-37AD-461F-B17E-D5C3E1B98042}.Debug|Any CPU.Build.0 = Debug|Any CPU
		{8A4B980F-37AD-461F-B17E-D5C3E1B98042}.Debug|Mixed Platforms.ActiveCfg = Debug|Any CPU
		{8A4B980F-37AD-461F-B17E-D5C3E1B98042}.Debug|Mixed Platforms.Build.0 = Debug|Any CPU
		{8A4B980F-37AD-461F-B17E-D5C3E1B98042}.Debug|x86.ActiveCfg = Debug|Any CPU
		{8A4B980F-37AD-461F-B17E-D5C3E1B98042}.Release|Any CPU.ActiveCfg = Release|Any CPU
		{8A4B980F-37AD-461F-B17E-D5C3E1B98042}.Release|Any CPU.Build.0 = Release|Any CPU
		{8A4B980F-37AD-461F-B17E-D5C3E1B98042}.Release|Mixed Platforms.ActiveCfg = Release|Any CPU
		{8A4B980F-37AD-461F-B17E-D5C3E1B98042}.Release|Mixed Platforms.Build.0 = Release|Any CPU
		{8A4B980F-37AD-461F-B17E-D5C3E1B98042}.Release|x86.ActiveCfg = Release|Any CPU
	EndGlobalSection
	GlobalSection(SolutionProperties) = preSolution
		HideSolutionNode = FALSE
	EndGlobalSection
	GlobalSection(NestedProjects) = preSolution
		{F024C9C1-C0B1-434A-BC19-D2D88B05DDBD} = {CA98AAAD-A977-4916-BA76-D242D3E9BB33}
		{41560562-2B53-4DA3-B6F0-1697BDA8D71D} = {CA98AAAD-A977-4916-BA76-D242D3E9BB33}
		{063DE755-5AB3-4E69-95BD-FBDD6C6C06E8} = {CA98AAAD-A977-4916-BA76-D242D3E9BB33}
		{EFB0B9AE-DB69-4CC8-A0B1-4A7673D7948B} = {CA98AAAD-A977-4916-BA76-D242D3E9BB33}
		{E313FBC0-7DD9-4646-995A-8AB1EBD7B6AE} = {CA98AAAD-A977-4916-BA76-D242D3E9BB33}
		{8020DC45-478C-442B-AB6B-28CAE2353CB4} = {CA98AAAD-A977-4916-BA76-D242D3E9BB33}
		{F54FFBFC-1D57-47DE-8084-10D6EF8206A1} = {CA98AAAD-A977-4916-BA76-D242D3E9BB33}
		{E233D2E6-CA65-4ED3-95C0-7C3004DA475F} = {CA98AAAD-A977-4916-BA76-D242D3E9BB33}
		{414CA6C7-42CF-4858-A566-C5D3A7BC40D5} = {7CA501A3-6945-4FF3-A316-CE7AD7F99693}
		{8A4B980F-37AD-461F-B17E-D5C3E1B98042} = {7CA501A3-6945-4FF3-A316-CE7AD7F99693}
	EndGlobalSection
	GlobalSection(TestCaseManagementSettings) = postSolution
		CategoryFile = Integration.vsmdi
	EndGlobalSection
EndGlobal
